
Microsoft Visual Studio Solution File, Format Version 12.00
# Visual Studio Version 16
VisualStudioVersion = 16.0.30717.126
MinimumVisualStudioVersion = 10.0.40219.1
Project("{FAE04EC0-301F-11D3-BF4B-00C04F79EFBC}") = "Etiketleme", "Etiketleme\Etiketleme.csproj", "{EBFAB29A-C2A9-4E89-9B68-C464311D43C2}"
EndProject
Global
	GlobalSection(SolutionConfigurationPlatforms) = preSolution
		Debug|Any CPU = Debug|Any CPU
		Release|Any CPU = Release|Any CPU
	EndGlobalSection
	GlobalSection(ProjectConfigurationPlatforms) = postSolution
		{EBFAB29A-C2A9-4E89-9B68-C464311D43C2}.Debug|Any CPU.ActiveCfg = Debug|Any CPU
		{EBFAB29A-C2A9-4E89-9B68-C464311D43C2}.Debug|Any CPU.Build.0 = Debug|Any CPU
		{EBFAB29A-C2A9-4E89-9B68-C464311D43C2}.Release|Any CPU.ActiveCfg = Release|Any CPU
		{EBFAB29A-C2A9-4E89-9B68-C464311D43C2}.Release|Any CPU.Build.0 = Release|Any CPU
	EndGlobalSection
	GlobalSection(SolutionProperties) = preSolution
		HideSolutionNode = FALSE
	EndGlobalSection
	GlobalSection(ExtensibilityGlobals) = postSolution
		SolutionGuid = {856413F3-A95A-4234-A7A2-FB7D381B2ED0}
	EndGlobalSection
EndGlobal
